// !$*UTF8*$!
{
	archiveVersion = 1;
	classes = {
	};
	objectVersion = 56;
	objects = {

/* Begin PBXBuildFile section */
		32997E2B2ABB8B4E00F5BDD3 /* main.swift in Sources */ = {isa = PBXBuildFile; fileRef = 32997E2A2ABB8B4E00F5BDD3 /* main.swift */; };
		32997E322ABB8C0300F5BDD3 /* Renderer.swift in Sources */ = {isa = PBXBuildFile; fileRef = 32997E312ABB8C0300F5BDD3 /* Renderer.swift */; };
		32997E362ABB8C9D00F5BDD3 /* RenderError.swift in Sources */ = {isa = PBXBuildFile; fileRef = 32997E352ABB8C9D00F5BDD3 /* RenderError.swift */; };
		32997E392ABB8D8A00F5BDD3 /* RenderDevice.swift in Sources */ = {isa = PBXBuildFile; fileRef = 32997E382ABB8D8A00F5BDD3 /* RenderDevice.swift */; };
		32997E412ABBF5B200F5BDD3 /* RenderConfiguration.swift in Sources */ = {isa = PBXBuildFile; fileRef = 32997E402ABBF5B200F5BDD3 /* RenderConfiguration.swift */; };
		32997E432ABBF73D00F5BDD3 /* render.metal in Sources */ = {isa = PBXBuildFile; fileRef = 32997E422ABBF73D00F5BDD3 /* render.metal */; };
		32997E452ABBFBC200F5BDD3 /* ImageExporter.swift in Sources */ = {isa = PBXBuildFile; fileRef = 32997E442ABBFBC200F5BDD3 /* ImageExporter.swift */; };
		32997E492ABC012D00F5BDD3 /* ExportError.swift in Sources */ = {isa = PBXBuildFile; fileRef = 32997E482ABC012D00F5BDD3 /* ExportError.swift */; };
		32997E4E2ABC07BA00F5BDD3 /* Cube.swift in Sources */ = {isa = PBXBuildFile; fileRef = 32997E4D2ABC07BA00F5BDD3 /* Cube.swift */; };
		32997E522ABCA3E100F5BDD3 /* generateTestScene.swift in Sources */ = {isa = PBXBuildFile; fileRef = 32997E512ABCA3E100F5BDD3 /* generateTestScene.swift */; };
		32997E562ABCC99000F5BDD3 /* post.metal in Sources */ = {isa = PBXBuildFile; fileRef = 32997E552ABCC99000F5BDD3 /* post.metal */; };
		32997E592ABE012700F5BDD3 /* camera.metal in Sources */ = {isa = PBXBuildFile; fileRef = 32997E582ABE012700F5BDD3 /* camera.metal */; };
		32997E5B2ABE325E00F5BDD3 /* emission.metal in Sources */ = {isa = PBXBuildFile; fileRef = 32997E5A2ABE325E00F5BDD3 /* emission.metal */; };
		32997E5D2ABE32D900F5BDD3 /* absorption.metal in Sources */ = {isa = PBXBuildFile; fileRef = 32997E5C2ABE32D900F5BDD3 /* absorption.metal */; };
		32997E612ABE33FF00F5BDD3 /* sample.metal in Sources */ = {isa = PBXBuildFile; fileRef = 32997E602ABE33FF00F5BDD3 /* sample.metal */; };
		32CC5C772AF2BE0A0068F655 /* Camera.swift in Sources */ = {isa = PBXBuildFile; fileRef = 32CC5C762AF2BE0A0068F655 /* Camera.swift */; };
		32CC5C792AF2C7A50068F655 /* CameraType.swift in Sources */ = {isa = PBXBuildFile; fileRef = 32CC5C782AF2C7A50068F655 /* CameraType.swift */; };
		32CC5C982AF2D0490068F655 /* LensDesignerApp.swift in Sources */ = {isa = PBXBuildFile; fileRef = 32CC5C972AF2D0490068F655 /* LensDesignerApp.swift */; };
		32CC5C9A2AF2D0490068F655 /* LensDesignerDocument.swift in Sources */ = {isa = PBXBuildFile; fileRef = 32CC5C992AF2D0490068F655 /* LensDesignerDocument.swift */; };
		32CC5C9C2AF2D0490068F655 /* Editor.swift in Sources */ = {isa = PBXBuildFile; fileRef = 32CC5C9B2AF2D0490068F655 /* Editor.swift */; };
		32CC5C9E2AF2D04A0068F655 /* Assets.xcassets in Resources */ = {isa = PBXBuildFile; fileRef = 32CC5C9D2AF2D04A0068F655 /* Assets.xcassets */; };
		32CC5CA82AF2EE3A0068F655 /* Lens.swift in Sources */ = {isa = PBXBuildFile; fileRef = 32CC5CA72AF2EE3A0068F655 /* Lens.swift */; };
		32CC5CAA2AF3F9790068F655 /* LensModel.swift in Sources */ = {isa = PBXBuildFile; fileRef = 32CC5CA92AF3F9790068F655 /* LensModel.swift */; };
		32CC5CAC2AF4191F0068F655 /* UTType+lens.swift in Sources */ = {isa = PBXBuildFile; fileRef = 32CC5CAB2AF4191F0068F655 /* UTType+lens.swift */; };
		32CC5CAE2AF4A9940068F655 /* ControlButtonStyle.swift in Sources */ = {isa = PBXBuildFile; fileRef = 32CC5CAD2AF4A9940068F655 /* ControlButtonStyle.swift */; };
		32CC5CB02AF4B4B70068F655 /* ThickLensFile.swift in Sources */ = {isa = PBXBuildFile; fileRef = 32CC5CAF2AF4B4B70068F655 /* ThickLensFile.swift */; };
/* End PBXBuildFile section */

/* Begin PBXCopyFilesBuildPhase section */
		32997E252ABB8B4E00F5BDD3 /* CopyFiles */ = {
			isa = PBXCopyFilesBuildPhase;
			buildActionMask = 2147483647;
			dstPath = /usr/share/man/man1/;
			dstSubfolderSpec = 0;
			files = (
			);
			runOnlyForDeploymentPostprocessing = 1;
		};
/* End PBXCopyFilesBuildPhase section */

/* Begin PBXFileReference section */
		32997E272ABB8B4E00F5BDD3 /* RenderService */ = {isa = PBXFileReference; explicitFileType = "compiled.mach-o.executable"; includeInIndex = 0; path = RenderService; sourceTree = BUILT_PRODUCTS_DIR; };
		32997E2A2ABB8B4E00F5BDD3 /* main.swift */ = {isa = PBXFileReference; lastKnownFileType = sourcecode.swift; path = main.swift; sourceTree = "<group>"; };
		32997E312ABB8C0300F5BDD3 /* Renderer.swift */ = {isa = PBXFileReference; lastKnownFileType = sourcecode.swift; path = Renderer.swift; sourceTree = "<group>"; };
		32997E352ABB8C9D00F5BDD3 /* RenderError.swift */ = {isa = PBXFileReference; lastKnownFileType = sourcecode.swift; path = RenderError.swift; sourceTree = "<group>"; };
		32997E382ABB8D8A00F5BDD3 /* RenderDevice.swift */ = {isa = PBXFileReference; lastKnownFileType = sourcecode.swift; path = RenderDevice.swift; sourceTree = "<group>"; };
		32997E402ABBF5B200F5BDD3 /* RenderConfiguration.swift */ = {isa = PBXFileReference; lastKnownFileType = sourcecode.swift; path = RenderConfiguration.swift; sourceTree = "<group>"; };
		32997E422ABBF73D00F5BDD3 /* render.metal */ = {isa = PBXFileReference; lastKnownFileType = sourcecode.metal; path = render.metal; sourceTree = "<group>"; };
		32997E442ABBFBC200F5BDD3 /* ImageExporter.swift */ = {isa = PBXFileReference; lastKnownFileType = sourcecode.swift; path = ImageExporter.swift; sourceTree = "<group>"; };
		32997E482ABC012D00F5BDD3 /* ExportError.swift */ = {isa = PBXFileReference; lastKnownFileType = sourcecode.swift; path = ExportError.swift; sourceTree = "<group>"; };
		32997E4D2ABC07BA00F5BDD3 /* Cube.swift */ = {isa = PBXFileReference; lastKnownFileType = sourcecode.swift; path = Cube.swift; sourceTree = "<group>"; };
		32997E512ABCA3E100F5BDD3 /* generateTestScene.swift */ = {isa = PBXFileReference; lastKnownFileType = sourcecode.swift; path = generateTestScene.swift; sourceTree = "<group>"; };
		32997E532ABCAC9F00F5BDD3 /* bridging.h */ = {isa = PBXFileReference; lastKnownFileType = sourcecode.c.h; path = bridging.h; sourceTree = "<group>"; };
		32997E542ABCACFF00F5BDD3 /* uniforms.h */ = {isa = PBXFileReference; lastKnownFileType = sourcecode.c.h; path = uniforms.h; sourceTree = "<group>"; };
		32997E552ABCC99000F5BDD3 /* post.metal */ = {isa = PBXFileReference; lastKnownFileType = sourcecode.metal; path = post.metal; sourceTree = "<group>"; };
		32997E572ABE009300F5BDD3 /* trace.h */ = {isa = PBXFileReference; lastKnownFileType = sourcecode.c.h; path = trace.h; sourceTree = "<group>"; };
		32997E582ABE012700F5BDD3 /* camera.metal */ = {isa = PBXFileReference; lastKnownFileType = sourcecode.metal; path = camera.metal; sourceTree = "<group>"; };
		32997E5A2ABE325E00F5BDD3 /* emission.metal */ = {isa = PBXFileReference; lastKnownFileType = sourcecode.metal; path = emission.metal; sourceTree = "<group>"; };
		32997E5C2ABE32D900F5BDD3 /* absorption.metal */ = {isa = PBXFileReference; lastKnownFileType = sourcecode.metal; path = absorption.metal; sourceTree = "<group>"; };
		32997E602ABE33FF00F5BDD3 /* sample.metal */ = {isa = PBXFileReference; lastKnownFileType = sourcecode.metal; path = sample.metal; sourceTree = "<group>"; };
		32CC5C762AF2BE0A0068F655 /* Camera.swift */ = {isa = PBXFileReference; lastKnownFileType = sourcecode.swift; path = Camera.swift; sourceTree = "<group>"; };
		32CC5C782AF2C7A50068F655 /* CameraType.swift */ = {isa = PBXFileReference; lastKnownFileType = sourcecode.swift; path = CameraType.swift; sourceTree = "<group>"; };
		32CC5C902AF2CFE00068F655 /* .gitignore */ = {isa = PBXFileReference; lastKnownFileType = text; path = .gitignore; sourceTree = "<group>"; };
		32CC5C952AF2D0490068F655 /* LensDesigner.app */ = {isa = PBXFileReference; explicitFileType = wrapper.application; includeInIndex = 0; path = LensDesigner.app; sourceTree = BUILT_PRODUCTS_DIR; };
		32CC5C972AF2D0490068F655 /* LensDesignerApp.swift */ = {isa = PBXFileReference; lastKnownFileType = sourcecode.swift; path = LensDesignerApp.swift; sourceTree = "<group>"; };
		32CC5C992AF2D0490068F655 /* LensDesignerDocument.swift */ = {isa = PBXFileReference; lastKnownFileType = sourcecode.swift; path = LensDesignerDocument.swift; sourceTree = "<group>"; };
		32CC5C9B2AF2D0490068F655 /* Editor.swift */ = {isa = PBXFileReference; lastKnownFileType = sourcecode.swift; path = Editor.swift; sourceTree = "<group>"; };
		32CC5C9D2AF2D04A0068F655 /* Assets.xcassets */ = {isa = PBXFileReference; lastKnownFileType = folder.assetcatalog; path = Assets.xcassets; sourceTree = "<group>"; };
		32CC5CA22AF2D04A0068F655 /* Info.plist */ = {isa = PBXFileReference; lastKnownFileType = text.plist.xml; path = Info.plist; sourceTree = "<group>"; };
		32CC5CA32AF2D04A0068F655 /* LensDesigner.entitlements */ = {isa = PBXFileReference; lastKnownFileType = text.plist.entitlements; path = LensDesigner.entitlements; sourceTree = "<group>"; };
		32CC5CA72AF2EE3A0068F655 /* Lens.swift */ = {isa = PBXFileReference; lastKnownFileType = sourcecode.swift; path = Lens.swift; sourceTree = "<group>"; };
		32CC5CA92AF3F9790068F655 /* LensModel.swift */ = {isa = PBXFileReference; lastKnownFileType = sourcecode.swift; path = LensModel.swift; sourceTree = "<group>"; };
		32CC5CAB2AF4191F0068F655 /* UTType+lens.swift */ = {isa = PBXFileReference; lastKnownFileType = sourcecode.swift; path = "UTType+lens.swift"; sourceTree = "<group>"; };
		32CC5CAD2AF4A9940068F655 /* ControlButtonStyle.swift */ = {isa = PBXFileReference; lastKnownFileType = sourcecode.swift; path = ControlButtonStyle.swift; sourceTree = "<group>"; };
		32CC5CAF2AF4B4B70068F655 /* ThickLensFile.swift */ = {isa = PBXFileReference; lastKnownFileType = sourcecode.swift; path = ThickLensFile.swift; sourceTree = "<group>"; };
/* End PBXFileReference section */

/* Begin PBXFrameworksBuildPhase section */
		32997E242ABB8B4E00F5BDD3 /* Frameworks */ = {
			isa = PBXFrameworksBuildPhase;
			buildActionMask = 2147483647;
			files = (
			);
			runOnlyForDeploymentPostprocessing = 0;
		};
		32CC5C922AF2D0490068F655 /* Frameworks */ = {
			isa = PBXFrameworksBuildPhase;
			buildActionMask = 2147483647;
			files = (
			);
			runOnlyForDeploymentPostprocessing = 0;
		};
/* End PBXFrameworksBuildPhase section */

/* Begin PBXGroup section */
		32997E1E2ABB8B4E00F5BDD3 = {
			isa = PBXGroup;
			children = (
				32CC5C902AF2CFE00068F655 /* .gitignore */,
				32997E292ABB8B4E00F5BDD3 /* RenderService */,
				32CC5C962AF2D0490068F655 /* LensDesigner */,
				32997E282ABB8B4E00F5BDD3 /* Products */,
			);
			sourceTree = "<group>";
		};
		32997E282ABB8B4E00F5BDD3 /* Products */ = {
			isa = PBXGroup;
			children = (
				32997E272ABB8B4E00F5BDD3 /* RenderService */,
				32CC5C952AF2D0490068F655 /* LensDesigner.app */,
			);
			name = Products;
			sourceTree = "<group>";
		};
		32997E292ABB8B4E00F5BDD3 /* RenderService */ = {
			isa = PBXGroup;
			children = (
				32997E2A2ABB8B4E00F5BDD3 /* main.swift */,
				32997E532ABCAC9F00F5BDD3 /* bridging.h */,
				32CC5C752AF2BDF70068F655 /* Configuration */,
				32997E4C2ABC072400F5BDD3 /* Geometry */,
				32997E4B2ABC071000F5BDD3 /* Render */,
				32997E4A2ABC06F700F5BDD3 /* Export */,
				32997E372ABB8D8200F5BDD3 /* Wrappers */,
			);
			path = RenderService;
			sourceTree = "<group>";
		};
		32997E372ABB8D8200F5BDD3 /* Wrappers */ = {
			isa = PBXGroup;
			children = (
				32997E382ABB8D8A00F5BDD3 /* RenderDevice.swift */,
			);
			path = Wrappers;
			sourceTree = "<group>";
		};
		32997E4A2ABC06F700F5BDD3 /* Export */ = {
			isa = PBXGroup;
			children = (
				32997E442ABBFBC200F5BDD3 /* ImageExporter.swift */,
				32997E482ABC012D00F5BDD3 /* ExportError.swift */,
			);
			path = Export;
			sourceTree = "<group>";
		};
		32997E4B2ABC071000F5BDD3 /* Render */ = {
			isa = PBXGroup;
			children = (
				32997E312ABB8C0300F5BDD3 /* Renderer.swift */,
				32997E352ABB8C9D00F5BDD3 /* RenderError.swift */,
				32997E622ABE347E00F5BDD3 /* Shaders */,
				32997E542ABCACFF00F5BDD3 /* uniforms.h */,
			);
			path = Render;
			sourceTree = "<group>";
		};
		32997E4C2ABC072400F5BDD3 /* Geometry */ = {
			isa = PBXGroup;
			children = (
				32997E4D2ABC07BA00F5BDD3 /* Cube.swift */,
				32997E512ABCA3E100F5BDD3 /* generateTestScene.swift */,
			);
			path = Geometry;
			sourceTree = "<group>";
		};
		32997E622ABE347E00F5BDD3 /* Shaders */ = {
			isa = PBXGroup;
			children = (
				32997E422ABBF73D00F5BDD3 /* render.metal */,
				32997E602ABE33FF00F5BDD3 /* sample.metal */,
				32997E582ABE012700F5BDD3 /* camera.metal */,
				32997E5A2ABE325E00F5BDD3 /* emission.metal */,
				32997E5C2ABE32D900F5BDD3 /* absorption.metal */,
				32997E572ABE009300F5BDD3 /* trace.h */,
				32997E552ABCC99000F5BDD3 /* post.metal */,
			);
			path = Shaders;
			sourceTree = "<group>";
		};
		32CC5C752AF2BDF70068F655 /* Configuration */ = {
			isa = PBXGroup;
			children = (
				32997E402ABBF5B200F5BDD3 /* RenderConfiguration.swift */,
				32CC5C782AF2C7A50068F655 /* CameraType.swift */,
				32CC5C762AF2BE0A0068F655 /* Camera.swift */,
				32CC5CAF2AF4B4B70068F655 /* ThickLensFile.swift */,
			);
			path = Configuration;
			sourceTree = "<group>";
		};
		32CC5C962AF2D0490068F655 /* LensDesigner */ = {
			isa = PBXGroup;
			children = (
				32CC5C972AF2D0490068F655 /* LensDesignerApp.swift */,
				32CC5C992AF2D0490068F655 /* LensDesignerDocument.swift */,
				32CC5CAB2AF4191F0068F655 /* UTType+lens.swift */,
				32CC5C9B2AF2D0490068F655 /* Editor.swift */,
				32CC5CAD2AF4A9940068F655 /* ControlButtonStyle.swift */,
				32CC5CA72AF2EE3A0068F655 /* Lens.swift */,
				32CC5CA92AF3F9790068F655 /* LensModel.swift */,
				32CC5C9D2AF2D04A0068F655 /* Assets.xcassets */,
				32CC5CA22AF2D04A0068F655 /* Info.plist */,
				32CC5CA32AF2D04A0068F655 /* LensDesigner.entitlements */,
			);
			path = LensDesigner;
			sourceTree = "<group>";
		};
/* End PBXGroup section */

/* Begin PBXNativeTarget section */
		32997E262ABB8B4E00F5BDD3 /* RenderService */ = {
			isa = PBXNativeTarget;
			buildConfigurationList = 32997E2E2ABB8B4E00F5BDD3 /* Build configuration list for PBXNativeTarget "RenderService" */;
			buildPhases = (
				32997E232ABB8B4E00F5BDD3 /* Sources */,
				32997E242ABB8B4E00F5BDD3 /* Frameworks */,
				32997E252ABB8B4E00F5BDD3 /* CopyFiles */,
			);
			buildRules = (
			);
			dependencies = (
			);
			name = RenderService;
			productName = RenderService;
			productReference = 32997E272ABB8B4E00F5BDD3 /* RenderService */;
			productType = "com.apple.product-type.tool";
		};
		32CC5C942AF2D0490068F655 /* LensDesigner */ = {
			isa = PBXNativeTarget;
			buildConfigurationList = 32CC5CA42AF2D04A0068F655 /* Build configuration list for PBXNativeTarget "LensDesigner" */;
			buildPhases = (
				32CC5C912AF2D0490068F655 /* Sources */,
				32CC5C922AF2D0490068F655 /* Frameworks */,
				32CC5C932AF2D0490068F655 /* Resources */,
			);
			buildRules = (
			);
			dependencies = (
			);
			name = LensDesigner;
			productName = LensDesigner;
			productReference = 32CC5C952AF2D0490068F655 /* LensDesigner.app */;
			productType = "com.apple.product-type.application";
		};
/* End PBXNativeTarget section */

/* Begin PBXProject section */
		32997E1F2ABB8B4E00F5BDD3 /* Project object */ = {
			isa = PBXProject;
			attributes = {
				BuildIndependentTargetsInParallel = 1;
				LastSwiftUpdateCheck = 1430;
				LastUpgradeCheck = 1430;
				TargetAttributes = {
					32997E262ABB8B4E00F5BDD3 = {
						CreatedOnToolsVersion = 14.3.1;
					};
					32CC5C942AF2D0490068F655 = {
						CreatedOnToolsVersion = 14.3.1;
					};
				};
			};
			buildConfigurationList = 32997E222ABB8B4E00F5BDD3 /* Build configuration list for PBXProject "RenderService" */;
			compatibilityVersion = "Xcode 14.0";
			developmentRegion = en;
			hasScannedForEncodings = 0;
			knownRegions = (
				en,
				Base,
			);
			mainGroup = 32997E1E2ABB8B4E00F5BDD3;
			productRefGroup = 32997E282ABB8B4E00F5BDD3 /* Products */;
			projectDirPath = "";
			projectRoot = "";
			targets = (
				32997E262ABB8B4E00F5BDD3 /* RenderService */,
				32CC5C942AF2D0490068F655 /* LensDesigner */,
			);
		};
/* End PBXProject section */

/* Begin PBXResourcesBuildPhase section */
		32CC5C932AF2D0490068F655 /* Resources */ = {
			isa = PBXResourcesBuildPhase;
			buildActionMask = 2147483647;
			files = (
				32CC5C9E2AF2D04A0068F655 /* Assets.xcassets in Resources */,
			);
			runOnlyForDeploymentPostprocessing = 0;
		};
/* End PBXResourcesBuildPhase section */

/* Begin PBXSourcesBuildPhase section */
		32997E232ABB8B4E00F5BDD3 /* Sources */ = {
			isa = PBXSourcesBuildPhase;
			buildActionMask = 2147483647;
			files = (
				32CC5C772AF2BE0A0068F655 /* Camera.swift in Sources */,
				32CC5CB02AF4B4B70068F655 /* ThickLensFile.swift in Sources */,
				32997E322ABB8C0300F5BDD3 /* Renderer.swift in Sources */,
				32997E392ABB8D8A00F5BDD3 /* RenderDevice.swift in Sources */,
				32997E562ABCC99000F5BDD3 /* post.metal in Sources */,
				32997E492ABC012D00F5BDD3 /* ExportError.swift in Sources */,
				32997E522ABCA3E100F5BDD3 /* generateTestScene.swift in Sources */,
				32997E452ABBFBC200F5BDD3 /* ImageExporter.swift in Sources */,
				32997E5B2ABE325E00F5BDD3 /* emission.metal in Sources */,
				32997E412ABBF5B200F5BDD3 /* RenderConfiguration.swift in Sources */,
				32997E362ABB8C9D00F5BDD3 /* RenderError.swift in Sources */,
				32997E4E2ABC07BA00F5BDD3 /* Cube.swift in Sources */,
				32CC5C792AF2C7A50068F655 /* CameraType.swift in Sources */,
				32997E5D2ABE32D900F5BDD3 /* absorption.metal in Sources */,
				32997E432ABBF73D00F5BDD3 /* render.metal in Sources */,
				32997E592ABE012700F5BDD3 /* camera.metal in Sources */,
				32997E2B2ABB8B4E00F5BDD3 /* main.swift in Sources */,
				32997E612ABE33FF00F5BDD3 /* sample.metal in Sources */,
			);
			runOnlyForDeploymentPostprocessing = 0;
		};
		32CC5C912AF2D0490068F655 /* Sources */ = {
			isa = PBXSourcesBuildPhase;
			buildActionMask = 2147483647;
			files = (
				32CC5CAC2AF4191F0068F655 /* UTType+lens.swift in Sources */,
				32CC5C982AF2D0490068F655 /* LensDesignerApp.swift in Sources */,
				32CC5CAE2AF4A9940068F655 /* ControlButtonStyle.swift in Sources */,
				32CC5C9A2AF2D0490068F655 /* LensDesignerDocument.swift in Sources */,
				32CC5CAA2AF3F9790068F655 /* LensModel.swift in Sources */,
				32CC5C9C2AF2D0490068F655 /* Editor.swift in Sources */,
				32CC5CA82AF2EE3A0068F655 /* Lens.swift in Sources */,
			);
			runOnlyForDeploymentPostprocessing = 0;
		};
/* End PBXSourcesBuildPhase section */

/* Begin XCBuildConfiguration section */
		32997E2C2ABB8B4E00F5BDD3 /* Debug */ = {
			isa = XCBuildConfiguration;
			buildSettings = {
				ALWAYS_SEARCH_USER_PATHS = NO;
				CLANG_ANALYZER_NONNULL = YES;
				CLANG_ANALYZER_NUMBER_OBJECT_CONVERSION = YES_AGGRESSIVE;
				CLANG_CXX_LANGUAGE_STANDARD = "gnu++20";
				CLANG_ENABLE_MODULES = YES;
				CLANG_ENABLE_OBJC_ARC = YES;
				CLANG_ENABLE_OBJC_WEAK = YES;
				CLANG_WARN_BLOCK_CAPTURE_AUTORELEASING = YES;
				CLANG_WARN_BOOL_CONVERSION = YES;
				CLANG_WARN_COMMA = YES;
				CLANG_WARN_CONSTANT_CONVERSION = YES;
				CLANG_WARN_DEPRECATED_OBJC_IMPLEMENTATIONS = YES;
				CLANG_WARN_DIRECT_OBJC_ISA_USAGE = YES_ERROR;
				CLANG_WARN_DOCUMENTATION_COMMENTS = YES;
				CLANG_WARN_EMPTY_BODY = YES;
				CLANG_WARN_ENUM_CONVERSION = YES;
				CLANG_WARN_INFINITE_RECURSION = YES;
				CLANG_WARN_INT_CONVERSION = YES;
				CLANG_WARN_NON_LITERAL_NULL_CONVERSION = YES;
				CLANG_WARN_OBJC_IMPLICIT_RETAIN_SELF = YES;
				CLANG_WARN_OBJC_LITERAL_CONVERSION = YES;
				CLANG_WARN_OBJC_ROOT_CLASS = YES_ERROR;
				CLANG_WARN_QUOTED_INCLUDE_IN_FRAMEWORK_HEADER = YES;
				CLANG_WARN_RANGE_LOOP_ANALYSIS = YES;
				CLANG_WARN_STRICT_PROTOTYPES = YES;
				CLANG_WARN_SUSPICIOUS_MOVE = YES;
				CLANG_WARN_UNGUARDED_AVAILABILITY = YES_AGGRESSIVE;
				CLANG_WARN_UNREACHABLE_CODE = YES;
				CLANG_WARN__DUPLICATE_METHOD_MATCH = YES;
				COPY_PHASE_STRIP = NO;
				DEBUG_INFORMATION_FORMAT = dwarf;
				ENABLE_STRICT_OBJC_MSGSEND = YES;
				ENABLE_TESTABILITY = YES;
				GCC_C_LANGUAGE_STANDARD = gnu11;
				GCC_DYNAMIC_NO_PIC = NO;
				GCC_NO_COMMON_BLOCKS = YES;
				GCC_OPTIMIZATION_LEVEL = 0;
				GCC_PREPROCESSOR_DEFINITIONS = (
					"DEBUG=1",
					"$(inherited)",
				);
				GCC_WARN_64_TO_32_BIT_CONVERSION = YES;
				GCC_WARN_ABOUT_RETURN_TYPE = YES_ERROR;
				GCC_WARN_UNDECLARED_SELECTOR = YES;
				GCC_WARN_UNINITIALIZED_AUTOS = YES_AGGRESSIVE;
				GCC_WARN_UNUSED_FUNCTION = YES;
				GCC_WARN_UNUSED_VARIABLE = YES;
				MACOSX_DEPLOYMENT_TARGET = 13.2;
				MTL_ENABLE_DEBUG_INFO = INCLUDE_SOURCE;
				MTL_FAST_MATH = YES;
				ONLY_ACTIVE_ARCH = YES;
				SDKROOT = macosx;
				SWIFT_ACTIVE_COMPILATION_CONDITIONS = DEBUG;
				SWIFT_OBJC_BRIDGING_HEADER = RenderService/bridging.h;
				SWIFT_OPTIMIZATION_LEVEL = "-Onone";
			};
			name = Debug;
		};
		32997E2D2ABB8B4E00F5BDD3 /* Release */ = {
			isa = XCBuildConfiguration;
			buildSettings = {
				ALWAYS_SEARCH_USER_PATHS = NO;
				CLANG_ANALYZER_NONNULL = YES;
				CLANG_ANALYZER_NUMBER_OBJECT_CONVERSION = YES_AGGRESSIVE;
				CLANG_CXX_LANGUAGE_STANDARD = "gnu++20";
				CLANG_ENABLE_MODULES = YES;
				CLANG_ENABLE_OBJC_ARC = YES;
				CLANG_ENABLE_OBJC_WEAK = YES;
				CLANG_WARN_BLOCK_CAPTURE_AUTORELEASING = YES;
				CLANG_WARN_BOOL_CONVERSION = YES;
				CLANG_WARN_COMMA = YES;
				CLANG_WARN_CONSTANT_CONVERSION = YES;
				CLANG_WARN_DEPRECATED_OBJC_IMPLEMENTATIONS = YES;
				CLANG_WARN_DIRECT_OBJC_ISA_USAGE = YES_ERROR;
				CLANG_WARN_DOCUMENTATION_COMMENTS = YES;
				CLANG_WARN_EMPTY_BODY = YES;
				CLANG_WARN_ENUM_CONVERSION = YES;
				CLANG_WARN_INFINITE_RECURSION = YES;
				CLANG_WARN_INT_CONVERSION = YES;
				CLANG_WARN_NON_LITERAL_NULL_CONVERSION = YES;
				CLANG_WARN_OBJC_IMPLICIT_RETAIN_SELF = YES;
				CLANG_WARN_OBJC_LITERAL_CONVERSION = YES;
				CLANG_WARN_OBJC_ROOT_CLASS = YES_ERROR;
				CLANG_WARN_QUOTED_INCLUDE_IN_FRAMEWORK_HEADER = YES;
				CLANG_WARN_RANGE_LOOP_ANALYSIS = YES;
				CLANG_WARN_STRICT_PROTOTYPES = YES;
				CLANG_WARN_SUSPICIOUS_MOVE = YES;
				CLANG_WARN_UNGUARDED_AVAILABILITY = YES_AGGRESSIVE;
				CLANG_WARN_UNREACHABLE_CODE = YES;
				CLANG_WARN__DUPLICATE_METHOD_MATCH = YES;
				COPY_PHASE_STRIP = NO;
				DEBUG_INFORMATION_FORMAT = "dwarf-with-dsym";
				ENABLE_NS_ASSERTIONS = NO;
				ENABLE_STRICT_OBJC_MSGSEND = YES;
				GCC_C_LANGUAGE_STANDARD = gnu11;
				GCC_NO_COMMON_BLOCKS = YES;
				GCC_WARN_64_TO_32_BIT_CONVERSION = YES;
				GCC_WARN_ABOUT_RETURN_TYPE = YES_ERROR;
				GCC_WARN_UNDECLARED_SELECTOR = YES;
				GCC_WARN_UNINITIALIZED_AUTOS = YES_AGGRESSIVE;
				GCC_WARN_UNUSED_FUNCTION = YES;
				GCC_WARN_UNUSED_VARIABLE = YES;
				MACOSX_DEPLOYMENT_TARGET = 13.2;
				MTL_ENABLE_DEBUG_INFO = NO;
				MTL_FAST_MATH = YES;
				SDKROOT = macosx;
				SWIFT_COMPILATION_MODE = wholemodule;
				SWIFT_OBJC_BRIDGING_HEADER = RenderService/bridging.h;
				SWIFT_OPTIMIZATION_LEVEL = "-O";
			};
			name = Release;
		};
		32997E2F2ABB8B4E00F5BDD3 /* Debug */ = {
			isa = XCBuildConfiguration;
			buildSettings = {
				CODE_SIGN_STYLE = Automatic;
				PRODUCT_NAME = "$(TARGET_NAME)";
				SWIFT_OBJC_BRIDGING_HEADER = RenderService/bridging.h;
				SWIFT_VERSION = 5.0;
			};
			name = Debug;
		};
		32997E302ABB8B4E00F5BDD3 /* Release */ = {
			isa = XCBuildConfiguration;
			buildSettings = {
				CODE_SIGN_STYLE = Automatic;
				PRODUCT_NAME = "$(TARGET_NAME)";
				SWIFT_OBJC_BRIDGING_HEADER = RenderService/bridging.h;
				SWIFT_VERSION = 5.0;
			};
			name = Release;
		};
		32CC5CA52AF2D04A0068F655 /* Debug */ = {
			isa = XCBuildConfiguration;
			buildSettings = {
				ASSETCATALOG_COMPILER_APPICON_NAME = AppIcon;
				ASSETCATALOG_COMPILER_GLOBAL_ACCENT_COLOR_NAME = AccentColor;
				CODE_SIGN_ENTITLEMENTS = LensDesigner/LensDesigner.entitlements;
				CODE_SIGN_STYLE = Automatic;
				COMBINE_HIDPI_IMAGES = YES;
				CURRENT_PROJECT_VERSION = 1;
				DEVELOPMENT_ASSET_PATHS = "";
				ENABLE_PREVIEWS = YES;
				GENERATE_INFOPLIST_FILE = YES;
				INFOPLIST_FILE = LensDesigner/Info.plist;
				INFOPLIST_KEY_NSHumanReadableCopyright = "";
				LD_RUNPATH_SEARCH_PATHS = (
					"$(inherited)",
					"@executable_path/../Frameworks",
				);
				MARKETING_VERSION = 1.0;
				PRODUCT_BUNDLE_IDENTIFIER = thegail.LensDesigner;
				PRODUCT_NAME = "$(TARGET_NAME)";
				SWIFT_EMIT_LOC_STRINGS = YES;
				SWIFT_VERSION = 5.0;
			};
			name = Debug;
		};
		32CC5CA62AF2D04A0068F655 /* Release */ = {
			isa = XCBuildConfiguration;
			buildSettings = {
				ASSETCATALOG_COMPILER_APPICON_NAME = AppIcon;
				ASSETCATALOG_COMPILER_GLOBAL_ACCENT_COLOR_NAME = AccentColor;
				CODE_SIGN_ENTITLEMENTS = LensDesigner/LensDesigner.entitlements;
				CODE_SIGN_STYLE = Automatic;
				COMBINE_HIDPI_IMAGES = YES;
				CURRENT_PROJECT_VERSION = 1;
				DEVELOPMENT_ASSET_PATHS = "";
				ENABLE_PREVIEWS = YES;
				GENERATE_INFOPLIST_FILE = YES;
				INFOPLIST_FILE = LensDesigner/Info.plist;
				INFOPLIST_KEY_NSHumanReadableCopyright = "";
				LD_RUNPATH_SEARCH_PATHS = (
					"$(inherited)",
					"@executable_path/../Frameworks",
				);
				MARKETING_VERSION = 1.0;
				PRODUCT_BUNDLE_IDENTIFIER = thegail.LensDesigner;
				PRODUCT_NAME = "$(TARGET_NAME)";
				SWIFT_EMIT_LOC_STRINGS = YES;
				SWIFT_VERSION = 5.0;
			};
			name = Release;
		};
/* End XCBuildConfiguration section */

/* Begin XCConfigurationList section */
		32997E222ABB8B4E00F5BDD3 /* Build configuration list for PBXProject "RenderService" */ = {
			isa = XCConfigurationList;
			buildConfigurations = (
				32997E2C2ABB8B4E00F5BDD3 /* Debug */,
				32997E2D2ABB8B4E00F5BDD3 /* Release */,
			);
			defaultConfigurationIsVisible = 0;
			defaultConfigurationName = Release;
		};
		32997E2E2ABB8B4E00F5BDD3 /* Build configuration list for PBXNativeTarget "RenderService" */ = {
			isa = XCConfigurationList;
			buildConfigurations = (
				32997E2F2ABB8B4E00F5BDD3 /* Debug */,
				32997E302ABB8B4E00F5BDD3 /* Release */,
			);
			defaultConfigurationIsVisible = 0;
			defaultConfigurationName = Release;
		};
		32CC5CA42AF2D04A0068F655 /* Build configuration list for PBXNativeTarget "LensDesigner" */ = {
			isa = XCConfigurationList;
			buildConfigurations = (
				32CC5CA52AF2D04A0068F655 /* Debug */,
				32CC5CA62AF2D04A0068F655 /* Release */,
			);
			defaultConfigurationIsVisible = 0;
			defaultConfigurationName = Release;
		};
/* End XCConfigurationList section */
	};
	rootObject = 32997E1F2ABB8B4E00F5BDD3 /* Project object */;
}
